
Microsoft Visual Studio Solution File, Format Version 12.00
# Visual Studio 2013
VisualStudioVersion = 12.0.31101.0
MinimumVisualStudioVersion = 10.0.40219.1
Project("{FAE04EC0-301F-11D3-BF4B-00C04F79EFBC}") = "currencyconvertor2go", "CurrencyConverter\currencyconvertor2go.csproj", "{8EC14714-52A1-4A95-9F79-2BD9016516FB}"
EndProject
Project("{54435603-DBB4-11D2-8724-00A0C9A8B90C}") = "CurrencyConvertor2goSetup", "CurrencyConvertor2goSetup\CurrencyConvertor2goSetup.vdproj", "{68FDB4C5-7ADF-4E2C-90B2-4B555A6571B1}"
EndProject
Global
	GlobalSection(SolutionConfigurationPlatforms) = preSolution
		Debug|Any CPU = Debug|Any CPU
		Release|Any CPU = Release|Any CPU
	EndGlobalSection
	GlobalSection(ProjectConfigurationPlatforms) = postSolution
		{8EC14714-52A1-4A95-9F79-2BD9016516FB}.Debug|Any CPU.ActiveCfg = Debug|Any CPU
		{8EC14714-52A1-4A95-9F79-2BD9016516FB}.Debug|Any CPU.Build.0 = Debug|Any CPU
		{8EC14714-52A1-4A95-9F79-2BD9016516FB}.Release|Any CPU.ActiveCfg = Release|Any CPU
		{8EC14714-52A1-4A95-9F79-2BD9016516FB}.Release|Any CPU.Build.0 = Release|Any CPU
		{68FDB4C5-7ADF-4E2C-90B2-4B555A6571B1}.Debug|Any CPU.ActiveCfg = Debug
		{68FDB4C5-7ADF-4E2C-90B2-4B555A6571B1}.Release|Any CPU.ActiveCfg = Release
	EndGlobalSection
	GlobalSection(SolutionProperties) = preSolution
		HideSolutionNode = FALSE
	EndGlobalSection
EndGlobal
